
Microsoft Visual Studio Solution File, Format Version 10.00
# Visual Studio 2008
Project("{FAE04EC0-301F-11D3-BF4B-00C04F79EFBC}") = "Tests", "Tests\Tests.csproj", "{946BFF74-D0E2-41EF-8660-462B4CAE66CD}"
EndProject
Project("{FAE04EC0-301F-11D3-BF4B-00C04F79EFBC}") = "TailSentry", "TailSentry\TailSentry.csproj", "{9931AA67-3909-4C3F-8AD0-FF2ACB49F8D0}"
EndProject
Project("{FAE04EC0-301F-11D3-BF4B-00C04F79EFBC}") = "FileMonitoring", "FileMonitoring\FileMonitoring.csproj", "{71E6EF23-2F69-495E-B843-785AA83DF9A3}"
EndProject
Project("{FAE04EC0-301F-11D3-BF4B-00C04F79EFBC}") = "Spikes", "Spikes\Spikes.csproj", "{ACFF8D40-E166-45DD-A65F-DD4D0F61DC82}"
EndProject
Project("{2150E333-8FDC-42A3-9474-1A3956D46DE8}") = "Solution Items", "Solution Items", "{7AF11480-BAC3-4D99-8974-C234C6697D26}"
	ProjectSection(SolutionItems) = preProject
		Todo.txt = Todo.txt
	EndProjectSection
EndProject
Project("{2150E333-8FDC-42A3-9474-1A3956D46DE8}") = "Dovecote", "Dovecote", "{A32D8761-4B2C-4740-88CF-7C0C7CC39233}"
EndProject
Project("{FAE04EC0-301F-11D3-BF4B-00C04F79EFBC}") = "Dovecote", "Dovecote\Dovecote\Dovecote.csproj", "{7471307C-DA0D-45FF-940F-5AE756C08716}"
EndProject
Project("{FAE04EC0-301F-11D3-BF4B-00C04F79EFBC}") = "Dovecote.Tests", "Dovecote\Dovecote Tests\Dovecote.Tests.csproj", "{46184988-C76B-4F1F-8102-5A1922A6CA19}"
EndProject
Global
	GlobalSection(SolutionConfigurationPlatforms) = preSolution
		Debug|Any CPU = Debug|Any CPU
		Release|Any CPU = Release|Any CPU
	EndGlobalSection
	GlobalSection(ProjectConfigurationPlatforms) = postSolution
		{946BFF74-D0E2-41EF-8660-462B4CAE66CD}.Debug|Any CPU.ActiveCfg = Debug|Any CPU
		{946BFF74-D0E2-41EF-8660-462B4CAE66CD}.Debug|Any CPU.Build.0 = Debug|Any CPU
		{946BFF74-D0E2-41EF-8660-462B4CAE66CD}.Release|Any CPU.ActiveCfg = Release|Any CPU
		{946BFF74-D0E2-41EF-8660-462B4CAE66CD}.Release|Any CPU.Build.0 = Release|Any CPU
		{9931AA67-3909-4C3F-8AD0-FF2ACB49F8D0}.Debug|Any CPU.ActiveCfg = Debug|Any CPU
		{9931AA67-3909-4C3F-8AD0-FF2ACB49F8D0}.Debug|Any CPU.Build.0 = Debug|Any CPU
		{9931AA67-3909-4C3F-8AD0-FF2ACB49F8D0}.Release|Any CPU.ActiveCfg = Release|Any CPU
		{9931AA67-3909-4C3F-8AD0-FF2ACB49F8D0}.Release|Any CPU.Build.0 = Release|Any CPU
		{71E6EF23-2F69-495E-B843-785AA83DF9A3}.Debug|Any CPU.ActiveCfg = Debug|Any CPU
		{71E6EF23-2F69-495E-B843-785AA83DF9A3}.Debug|Any CPU.Build.0 = Debug|Any CPU
		{71E6EF23-2F69-495E-B843-785AA83DF9A3}.Release|Any CPU.ActiveCfg = Release|Any CPU
		{71E6EF23-2F69-495E-B843-785AA83DF9A3}.Release|Any CPU.Build.0 = Release|Any CPU
		{ACFF8D40-E166-45DD-A65F-DD4D0F61DC82}.Debug|Any CPU.ActiveCfg = Debug|Any CPU
		{ACFF8D40-E166-45DD-A65F-DD4D0F61DC82}.Debug|Any CPU.Build.0 = Debug|Any CPU
		{ACFF8D40-E166-45DD-A65F-DD4D0F61DC82}.Release|Any CPU.ActiveCfg = Release|Any CPU
		{ACFF8D40-E166-45DD-A65F-DD4D0F61DC82}.Release|Any CPU.Build.0 = Release|Any CPU
		{7471307C-DA0D-45FF-940F-5AE756C08716}.Debug|Any CPU.ActiveCfg = Debug|Any CPU
		{7471307C-DA0D-45FF-940F-5AE756C08716}.Debug|Any CPU.Build.0 = Debug|Any CPU
		{7471307C-DA0D-45FF-940F-5AE756C08716}.Release|Any CPU.ActiveCfg = Release|Any CPU
		{7471307C-DA0D-45FF-940F-5AE756C08716}.Release|Any CPU.Build.0 = Release|Any CPU
		{46184988-C76B-4F1F-8102-5A1922A6CA19}.Debug|Any CPU.ActiveCfg = Debug|Any CPU
		{46184988-C76B-4F1F-8102-5A1922A6CA19}.Debug|Any CPU.Build.0 = Debug|Any CPU
		{46184988-C76B-4F1F-8102-5A1922A6CA19}.Release|Any CPU.ActiveCfg = Release|Any CPU
		{46184988-C76B-4F1F-8102-5A1922A6CA19}.Release|Any CPU.Build.0 = Release|Any CPU
	EndGlobalSection
	GlobalSection(SolutionProperties) = preSolution
		HideSolutionNode = FALSE
	EndGlobalSection
	GlobalSection(NestedProjects) = preSolution
		{7471307C-DA0D-45FF-940F-5AE756C08716} = {A32D8761-4B2C-4740-88CF-7C0C7CC39233}
		{46184988-C76B-4F1F-8102-5A1922A6CA19} = {A32D8761-4B2C-4740-88CF-7C0C7CC39233}
	EndGlobalSection
EndGlobal
